{
  "name": "component-register",
  "version": "0.3.0-beta.4",
  "lockfileVersion": 1,
  "requires": true,
  "dependencies": {
    "coffeescript": {
      "version": "1.12.7",
      "resolved": "https://registry.npmjs.org/coffeescript/-/coffeescript-1.12.7.tgz",
      "integrity": "sha512-pLXHFxQMPklVoEekowk8b3erNynC+DVJzChxS/LCBBgR6/8AJkHivkm//zbowcfc7BTCAjryuhx6gPqPRfsFoA==",
      "dev": true
    },
    "shady-css-parser": {
      "version": "0.0.8",
      "resolved": "https://registry.npmjs.org/shady-css-parser/-/shady-css-parser-0.0.8.tgz",
      "integrity": "sha1-Ae7FprnsjkftvakbRN/lkSeeoNE="
    }
  }
}
